
Microsoft Visual Studio Solution File, Format Version 12.00
Project("{FAE04EC0-301F-11D3-BF4B-00C04F79EFBC}") = "PageObjectSteps", "PageObjectSteps\PageObjectSteps.csproj", "{79B64443-60D7-4CE4-836D-411FB9284612}"
EndProject
Project("{FAE04EC0-301F-11D3-BF4B-00C04F79EFBC}") = "LoadableComponent", "LoadableComponent\LoadableComponent.csproj", "{1FE81D0E-56F2-4B6B-B1F4-61F9670A976B}"
EndProject
Global
	GlobalSection(SolutionConfigurationPlatforms) = preSolution
		Debug|Any CPU = Debug|Any CPU
		Release|Any CPU = Release|Any CPU
	EndGlobalSection
	GlobalSection(ProjectConfigurationPlatforms) = postSolution
		{79B64443-60D7-4CE4-836D-411FB9284612}.Debug|Any CPU.ActiveCfg = Debug|Any CPU
		{79B64443-60D7-4CE4-836D-411FB9284612}.Debug|Any CPU.Build.0 = Debug|Any CPU
		{79B64443-60D7-4CE4-836D-411FB9284612}.Release|Any CPU.ActiveCfg = Release|Any CPU
		{79B64443-60D7-4CE4-836D-411FB9284612}.Release|Any CPU.Build.0 = Release|Any CPU
		{1FE81D0E-56F2-4B6B-B1F4-61F9670A976B}.Debug|Any CPU.ActiveCfg = Debug|Any CPU
		{1FE81D0E-56F2-4B6B-B1F4-61F9670A976B}.Debug|Any CPU.Build.0 = Debug|Any CPU
		{1FE81D0E-56F2-4B6B-B1F4-61F9670A976B}.Release|Any CPU.ActiveCfg = Release|Any CPU
		{1FE81D0E-56F2-4B6B-B1F4-61F9670A976B}.Release|Any CPU.Build.0 = Release|Any CPU
	EndGlobalSection
EndGlobal
