
Microsoft Visual Studio Solution File, Format Version 12.00
Project("{FAE04EC0-301F-11D3-BF4B-00C04F79EFBC}") = "FirstApp", "FirstApp\FirstApp.csproj", "{0B7633EE-8C0E-4994-9CFB-56A6D2F7C826}"
EndProject
Project("{FAE04EC0-301F-11D3-BF4B-00C04F79EFBC}") = "TypesAndOperations", "TypesAndOperations\TypesAndOperations.csproj", "{4777510B-CCC1-4E2C-B6D8-D132808B01AA}"
EndProject
Global
	GlobalSection(SolutionConfigurationPlatforms) = preSolution
		Debug|Any CPU = Debug|Any CPU
		Release|Any CPU = Release|Any CPU
	EndGlobalSection
	GlobalSection(ProjectConfigurationPlatforms) = postSolution
		{0B7633EE-8C0E-4994-9CFB-56A6D2F7C826}.Debug|Any CPU.ActiveCfg = Debug|Any CPU
		{0B7633EE-8C0E-4994-9CFB-56A6D2F7C826}.Debug|Any CPU.Build.0 = Debug|Any CPU
		{0B7633EE-8C0E-4994-9CFB-56A6D2F7C826}.Release|Any CPU.ActiveCfg = Release|Any CPU
		{0B7633EE-8C0E-4994-9CFB-56A6D2F7C826}.Release|Any CPU.Build.0 = Release|Any CPU
		{4777510B-CCC1-4E2C-B6D8-D132808B01AA}.Debug|Any CPU.ActiveCfg = Debug|Any CPU
		{4777510B-CCC1-4E2C-B6D8-D132808B01AA}.Debug|Any CPU.Build.0 = Debug|Any CPU
		{4777510B-CCC1-4E2C-B6D8-D132808B01AA}.Release|Any CPU.ActiveCfg = Release|Any CPU
		{4777510B-CCC1-4E2C-B6D8-D132808B01AA}.Release|Any CPU.Build.0 = Release|Any CPU
	EndGlobalSection
EndGlobal
