
Microsoft Visual Studio Solution File, Format Version 12.00
Project("{FAE04EC0-301F-11D3-BF4B-00C04F79EFBC}") = "CoreProject", "CoreProject\CoreProject.csproj", "{E542CA82-F124-4030-935A-634905301289}"
EndProject
Project("{FAE04EC0-301F-11D3-BF4B-00C04F79EFBC}") = "SpecFlowTestProject", "SpecFlowTestProject\SpecFlowTestProject.csproj", "{C2F766A9-0179-4602-AA7B-755C38723850}"
EndProject
Project("{FAE04EC0-301F-11D3-BF4B-00C04F79EFBC}") = "AdvancedSpecFlowProject", "AdvancedSpecFlowProject\AdvancedSpecFlowProject.csproj", "{DCD47392-EE6F-4166-A47C-5255E6C424B0}"
EndProject
Project("{FAE04EC0-301F-11D3-BF4B-00C04F79EFBC}") = "ComplexSelenium.Specs", "ComplexSelenium.Specs\ComplexSelenium.Specs.csproj", "{833E3BF7-6076-4AB5-BF7D-F8858AA86102}"
EndProject
Global
	GlobalSection(SolutionConfigurationPlatforms) = preSolution
		Debug|Any CPU = Debug|Any CPU
		Release|Any CPU = Release|Any CPU
	EndGlobalSection
	GlobalSection(ProjectConfigurationPlatforms) = postSolution
		{E542CA82-F124-4030-935A-634905301289}.Debug|Any CPU.ActiveCfg = Debug|Any CPU
		{E542CA82-F124-4030-935A-634905301289}.Debug|Any CPU.Build.0 = Debug|Any CPU
		{E542CA82-F124-4030-935A-634905301289}.Release|Any CPU.ActiveCfg = Release|Any CPU
		{E542CA82-F124-4030-935A-634905301289}.Release|Any CPU.Build.0 = Release|Any CPU
		{C2F766A9-0179-4602-AA7B-755C38723850}.Debug|Any CPU.ActiveCfg = Debug|Any CPU
		{C2F766A9-0179-4602-AA7B-755C38723850}.Debug|Any CPU.Build.0 = Debug|Any CPU
		{C2F766A9-0179-4602-AA7B-755C38723850}.Release|Any CPU.ActiveCfg = Release|Any CPU
		{C2F766A9-0179-4602-AA7B-755C38723850}.Release|Any CPU.Build.0 = Release|Any CPU
		{DCD47392-EE6F-4166-A47C-5255E6C424B0}.Debug|Any CPU.ActiveCfg = Debug|Any CPU
		{DCD47392-EE6F-4166-A47C-5255E6C424B0}.Debug|Any CPU.Build.0 = Debug|Any CPU
		{DCD47392-EE6F-4166-A47C-5255E6C424B0}.Release|Any CPU.ActiveCfg = Release|Any CPU
		{DCD47392-EE6F-4166-A47C-5255E6C424B0}.Release|Any CPU.Build.0 = Release|Any CPU
		{833E3BF7-6076-4AB5-BF7D-F8858AA86102}.Debug|Any CPU.ActiveCfg = Debug|Any CPU
		{833E3BF7-6076-4AB5-BF7D-F8858AA86102}.Debug|Any CPU.Build.0 = Debug|Any CPU
		{833E3BF7-6076-4AB5-BF7D-F8858AA86102}.Release|Any CPU.ActiveCfg = Release|Any CPU
		{833E3BF7-6076-4AB5-BF7D-F8858AA86102}.Release|Any CPU.Build.0 = Release|Any CPU
	EndGlobalSection
EndGlobal
